<?xml version="1.0" encoding="UTF-8" standalone="yes" ?>
<CodeBlocks_project_file>
	<FileVersion major="1" minor="6" />
	<Project>
		<Option title="particlesys" />
		<Option pch_mode="2" />
		<Option compiler="gcc" />
		<Build>
			<Target title="Debug">
				<Option output="particlesys" prefix_auto="1" extension_auto="1" />
				<Option object_output="obj/Debug/" />
				<Option type="1" />
				<Option compiler="gcc" />
				<Compiler>
					<Add option="-g" />
					<Add directory="/usr/include" />
					<Add directory="/usr/local/include" />
				</Compiler>
			</Target>
			<Target title="Release">
				<Option output="particlesys" prefix_auto="1" extension_auto="1" />
				<Option object_output="obj/Release/" />
				<Option type="0" />
				<Option compiler="gcc" />
				<Compiler>
					<Add option="-O2" />
				</Compiler>
				<Linker>
					<Add option="-s" />
				</Linker>
			</Target>
		</Build>
		<Compiler>
			<Add option="-Wextra" />
			<Add option="-Wall" />
			<Add option="-std=c99" />
			<Add option="-DNO_VIS" />
			<Add directory="$(#sdl.include)" />
			<Add directory="$(#glew.include)" />
			<Add directory="$(#mman_win32.include)" />
			<Add directory="plasm/include" />
		</Compiler>
		<Linker>
			<Add library="SDL2main" />
			<Add library="SDL2" />
			<Add directory="$(#sdl.lib)" />
			<Add directory="$(#glew.lib)" />
			<Add directory="$(#glew.bin)" />
		</Linker>
		<Unit filename="cb.bmp" />
		<Unit filename="plasm/include/instruction_table.h" />
		<Unit filename="plasm/include/mnemonics.h" />
		<Unit filename="plasm/include/plasm.h" />
		<Unit filename="plasm/src/plasm.c">
			<Option compilerVar="CC" />
		</Unit>
		<Unit filename="src/effect_desc.c">
			<Option compilerVar="CC" />
		</Unit>
		<Unit filename="src/effect_desc.h" />
		<Unit filename="src/effect_program.c">
			<Option compilerVar="CC" />
		</Unit>
		<Unit filename="src/effect_program.h" />
		<Unit filename="src/effect_program_jit.c">
			<Option compilerVar="CC" />
		</Unit>
		<Unit filename="src/effect_program_jit.h" />
		<Unit filename="src/effect_program_naive.c">
			<Option compilerVar="CC" />
		</Unit>
		<Unit filename="src/effect_program_naive.h" />
		<Unit filename="src/jitlib/codegen.c">
			<Option compilerVar="CC" />
		</Unit>
		<Unit filename="src/jitlib/codegen.h" />
		<Unit filename="src/jitlib/codegen_avx_ps.c">
			<Option compilerVar="CC" />
		</Unit>
		<Unit filename="src/jitlib/codegen_avx_ss.c">
			<Option compilerVar="CC" />
		</Unit>
		<Unit filename="src/jitlib/hash_table.c">
			<Option compilerVar="CC" />
		</Unit>
		<Unit filename="src/jitlib/hash_table.h" />
		<Unit filename="src/jitlib/ssa_def.c">
			<Option compilerVar="CC" />
		</Unit>
		<Unit filename="src/jitlib/ssa_def.h" />
		<Unit filename="src/jitlib/ssa_optimizer_passes.c">
			<Option compilerVar="CC" />
		</Unit>
		<Unit filename="src/jitlib/ssa_optimizer_passes.h" />
		<Unit filename="src/jitlib/ssa_parser.c">
			<Option compilerVar="CC" />
		</Unit>
		<Unit filename="src/jitlib/ssa_parser.h" />
		<Unit filename="src/jitlib/ssa_print.c">
			<Option compilerVar="CC" />
		</Unit>
		<Unit filename="src/jitlib/ssa_print.h" />
		<Unit filename="src/jitlib/ssa_scheduling.h" />
		<Unit filename="src/main.c">
			<Option compilerVar="CC" />
		</Unit>
		<Unit filename="src/particle_array.c">
			<Option compilerVar="CC" />
		</Unit>
		<Unit filename="src/particle_array.h" />
		<Unit filename="src/particle_vis.c">
			<Option compilerVar="CC" />
		</Unit>
		<Unit filename="src/particle_vis.h" />
		<Unit filename="src/performance_measurement.c">
			<Option compilerVar="CC" />
		</Unit>
		<Unit filename="src/performance_measurement.h" />
		<Extensions>
			<code_completion />
			<envvars />
			<debugger />
			<lib_finder disable_auto="1" />
		</Extensions>
	</Project>
</CodeBlocks_project_file>
